<?xml version="1.0" encoding="utf-8"?>
<Project ToolsVersion="4.0" xmlns="http://schemas.microsoft.com/developer/msbuild/2003">
  <ItemGroup>
    <Filter Include="Source Files">
      <UniqueIdentifier>{4FC737F1-C7A5-4376-A066-2A32D752A2FF}</UniqueIdentifier>
      <Extensions>qml;cpp;c;cc;cxx;def;odl;idl;hpj;bat;asm;asmx</Extensions>
    </Filter>
    <Filter Include="Header Files">
      <UniqueIdentifier>{93995380-89BD-4b04-88EB-625FBE52EBFB}</UniqueIdentifier>
      <Extensions>h;hh;hpp;hxx;hm;inl;inc;xsd</Extensions>
    </Filter>
    <Filter Include="Resource Files">
      <UniqueIdentifier>{67DA6AB6-F800-4c08-8B7A-83BB121AAD01}</UniqueIdentifier>
      <Extensions>qrc;rc;ico;cur;bmp;dlg;rc2;rct;bin;rgs;gif;jpg;jpeg;jpe;resx;tiff;tif;png;wav;mfcribbon-ms</Extensions>
    </Filter>
    <Filter Include="Form Files">
      <UniqueIdentifier>{99349809-55BA-4b9d-BF79-8FDBB0286EB3}</UniqueIdentifier>
      <Extensions>ui</Extensions>
    </Filter>
    <Filter Include="Translation Files">
      <UniqueIdentifier>{639EADAA-A684-42e4-A9AD-28FC9BCB8F7C}</UniqueIdentifier>
      <Extensions>ts</Extensions>
    </Filter>
    <Filter Include="Models">
      <UniqueIdentifier>{579cb085-17ae-4515-bacb-ed00b4853fe4}</UniqueIdentifier>
    </Filter>
    <Filter Include="Models\Parametrs">
      <UniqueIdentifier>{41fdae20-ea58-4c0a-896f-b40e638a184d}</UniqueIdentifier>
    </Filter>
    <Filter Include="Models\UiBuilders">
      <UniqueIdentifier>{8a250d39-ff7c-4d60-bff2-0211c1995862}</UniqueIdentifier>
    </Filter>
  </ItemGroup>
  <ItemGroup>
    <QtRcc Include="ImageGenerator.qrc">
      <Filter>Resource Files</Filter>
    </QtRcc>
    <QtUic Include="ImageGenerator.ui">
      <Filter>Form Files</Filter>
    </QtUic>
    <QtMoc Include="ImageGenerator.h">
      <Filter>Header Files</Filter>
    </QtMoc>
    <ClCompile Include="ImageGenerator.cpp">
      <Filter>Source Files</Filter>
    </ClCompile>
  </ItemGroup>
  <ItemGroup>
    <ClCompile Include="main.cpp">
      <Filter>Source Files</Filter>
    </ClCompile>
    <ClCompile Include="Models\UIBuilders\GausUiBilder.cpp">
      <Filter>Models\UiBuilders</Filter>
    </ClCompile>
    <ClCompile Include="Models\GausModel.cpp">
      <Filter>Models</Filter>
    </ClCompile>
    <ClCompile Include="Models\UIBuilders\BaseModelParametrsUiBilder.cpp">
      <Filter>Models\UiBuilders</Filter>
    </ClCompile>
    <ClCompile Include="Models\UIBuilders\MarkovUiBilder.cpp">
      <Filter>Models\UiBuilders</Filter>
    </ClCompile>
    <ClCompile Include="Models\UIBuilders\ProbabilitiesFieldWidget.cpp">
      <Filter>Models\UiBuilders</Filter>
    </ClCompile>
    <ClCompile Include="Models\MarkovModel.cpp">
      <Filter>Models</Filter>
    </ClCompile>
    <ClCompile Include="Models\GibsModel.cpp">
      <Filter>Models</Filter>
    </ClCompile>
    <ClCompile Include="Models\UIBuilders\GibsUiBilder.cpp">
      <Filter>Models\UiBuilders</Filter>
    </ClCompile>
  </ItemGroup>
  <ItemGroup>
    <ClInclude Include="Models\IImageModel.h">
      <Filter>Models</Filter>
    </ClInclude>
    <ClInclude Include="Models\Parametrs\IModelParametrs.h">
      <Filter>Models\Parametrs</Filter>
    </ClInclude>
    <ClInclude Include="Models\Parametrs\GausModelParametrs.h">
      <Filter>Models\Parametrs</Filter>
    </ClInclude>
    <ClInclude Include="Models\UIBuilders\IModelParametrsUiBilder.h">
      <Filter>Models\UiBuilders</Filter>
    </ClInclude>
    <ClInclude Include="Models\GausModel.h">
      <Filter>Models</Filter>
    </ClInclude>
    <ClInclude Include="Models\Parametrs\MarkovModelParametrs.h">
      <Filter>Models\Parametrs</Filter>
    </ClInclude>
    <ClInclude Include="Models\MarkovModel.h">
      <Filter>Models</Filter>
    </ClInclude>
    <ClInclude Include="Models\GibsModel.h">
      <Filter>Models</Filter>
    </ClInclude>
    <ClInclude Include="Models\Parametrs\GibsModelParametrs.h">
      <Filter>Models\Parametrs</Filter>
    </ClInclude>
  </ItemGroup>
  <ItemGroup>
    <QtMoc Include="Models\UIBuilders\GausUiBilder.h">
      <Filter>Models\UiBuilders</Filter>
    </QtMoc>
    <QtMoc Include="Models\UIBuilders\BaseModelParametrsUiBilder.h">
      <Filter>Models\UiBuilders</Filter>
    </QtMoc>
    <QtMoc Include="Models\UIBuilders\MarkovUiBilder.h">
      <Filter>Models\UiBuilders</Filter>
    </QtMoc>
    <QtMoc Include="Models\UIBuilders\ProbabilitiesFieldWidget.h">
      <Filter>Models\UiBuilders</Filter>
    </QtMoc>
    <QtMoc Include="Models\UIBuilders\GibsUiBilder.h">
      <Filter>Models\UiBuilders</Filter>
    </QtMoc>
  </ItemGroup>
  <ItemGroup>
    <QtUic Include="Models\UIBuilders\ProbabilitiesFieldWidget.ui">
      <Filter>Models\UiBuilders</Filter>
    </QtUic>
  </ItemGroup>
</Project>